
Microsoft Visual Studio Solution File, Format Version 12.00
# Visual Studio Version 16
VisualStudioVersion = 16.0.36422.26
MinimumVisualStudioVersion = 10.0.40219.1
Project("{FAE04EC0-301F-11D3-BF4B-00C04F79EFBC}") = "Ejecucion", "Ejecucion\Ejecucion.csproj", "{2880A63E-4BDE-42FA-ABAF-EEE3737710AA}"
EndProject
Global
	GlobalSection(SolutionConfigurationPlatforms) = preSolution
		Debug|Any CPU = Debug|Any CPU
		Release|Any CPU = Release|Any CPU
	EndGlobalSection
	GlobalSection(ProjectConfigurationPlatforms) = postSolution
		{2880A63E-4BDE-42FA-ABAF-EEE3737710AA}.Debug|Any CPU.ActiveCfg = Debug|Any CPU
		{2880A63E-4BDE-42FA-ABAF-EEE3737710AA}.Debug|Any CPU.Build.0 = Debug|Any CPU
		{2880A63E-4BDE-42FA-ABAF-EEE3737710AA}.Release|Any CPU.ActiveCfg = Release|Any CPU
		{2880A63E-4BDE-42FA-ABAF-EEE3737710AA}.Release|Any CPU.Build.0 = Release|Any CPU
	EndGlobalSection
	GlobalSection(SolutionProperties) = preSolution
		HideSolutionNode = FALSE
	EndGlobalSection
	GlobalSection(ExtensibilityGlobals) = postSolution
		SolutionGuid = {21919CCB-4103-41B4-AF31-24EBD0B8D545}
	EndGlobalSection
EndGlobal
